
Microsoft Visual Studio Solution File, Format Version 12.00
# Visual Studio Version 16
VisualStudioVersion = 16.0.30413.136
MinimumVisualStudioVersion = 10.0.40219.1
Project("{FAE04EC0-301F-11D3-BF4B-00C04F79EFBC}") = "lab8", "lab8\lab8.csproj", "{C78C2367-AAF8-476C-A281-8760447850FF}"
EndProject
Global
	GlobalSection(SolutionConfigurationPlatforms) = preSolution
		Debug|Any CPU = Debug|Any CPU
		Release|Any CPU = Release|Any CPU
	EndGlobalSection
	GlobalSection(ProjectConfigurationPlatforms) = postSolution
		{C78C2367-AAF8-476C-A281-8760447850FF}.Debug|Any CPU.ActiveCfg = Debug|Any CPU
		{C78C2367-AAF8-476C-A281-8760447850FF}.Debug|Any CPU.Build.0 = Debug|Any CPU
		{C78C2367-AAF8-476C-A281-8760447850FF}.Release|Any CPU.ActiveCfg = Release|Any CPU
		{C78C2367-AAF8-476C-A281-8760447850FF}.Release|Any CPU.Build.0 = Release|Any CPU
	EndGlobalSection
	GlobalSection(SolutionProperties) = preSolution
		HideSolutionNode = FALSE
	EndGlobalSection
	GlobalSection(ExtensibilityGlobals) = postSolution
		SolutionGuid = {9B42B5B6-49F8-4CDD-90D6-7873185255CE}
	EndGlobalSection
EndGlobal
